
Microsoft Visual Studio Solution File, Format Version 12.00
# Visual Studio Version 17
VisualStudioVersion = 17.12.35527.113
MinimumVisualStudioVersion = 10.0.40219.1
Project("{FAE04EC0-301F-11D3-BF4B-00C04F79EFBC}") = "WebApi", "WebApi\WebApi.csproj", "{0344107F-0A63-4B1E-A2D1-2E26A1178CA0}"
EndProject
Project("{2150E333-8FDC-42A3-9474-1A3956D46DE8}") = "SqlServer", "SqlServer", "{5B3453C3-2210-4778-BEB6-93427EE4F104}"
	ProjectSection(SolutionItems) = preProject
		SqlServer_Auth.sql = SqlServer_Auth.sql
		SqlServer_F1.sql = SqlServer_F1.sql
		SqlServer_GamesGuide.sql = SqlServer_GamesGuide.sql
		SqlServer_PasswordManager.sql = SqlServer_PasswordManager.sql
		SqlServer_Porfolio.sql = SqlServer_Porfolio.sql
	EndProjectSection
EndProject
Project("{FAE04EC0-301F-11D3-BF4B-00C04F79EFBC}") = "ClassLibrary.Common", "ClassLibrary.Common\ClassLibrary.Common.csproj", "{8D874D94-06A8-4927-B6F6-318DB5696293}"
EndProject
Project("{FAE04EC0-301F-11D3-BF4B-00C04F79EFBC}") = "ClassLibrary.GamesGuideDapper", "ClassLibrary.GamesGuideDapper\ClassLibrary.GamesGuideDapper.csproj", "{F41E2017-A1DA-4ADE-9544-C0B22A394696}"
EndProject
Project("{FAE04EC0-301F-11D3-BF4B-00C04F79EFBC}") = "ClassLibrary.PortfolioDapper", "ClassLibrary.PortfolioDapper\ClassLibrary.PortfolioDapper.csproj", "{192ADC00-2168-4589-9488-033AC221B787}"
EndProject
Project("{FAE04EC0-301F-11D3-BF4B-00C04F79EFBC}") = "ClassLibrary.F1Dapper", "ClassLibrary.F1Dapper\ClassLibrary.F1Dapper.csproj", "{F4979F06-B22A-4325-A721-85044D9FAF37}"
EndProject
Project("{FAE04EC0-301F-11D3-BF4B-00C04F79EFBC}") = "ClassLibrary.Auth", "ClassLibrary.Auth\ClassLibrary.Auth.csproj", "{A663538F-92AC-4906-AAD7-8EA0F38B76B4}"
EndProject
Project("{FAE04EC0-301F-11D3-BF4B-00C04F79EFBC}") = "ClassLibrary.PasswordManagerDapper", "ClassLibrary.PasswordManagerDapper\ClassLibrary.PasswordManagerDapper.csproj", "{7800D17F-2F91-43E7-B396-166F0676BBE4}"
EndProject
Global
	GlobalSection(SolutionConfigurationPlatforms) = preSolution
		Debug|Any CPU = Debug|Any CPU
		Release|Any CPU = Release|Any CPU
	EndGlobalSection
	GlobalSection(ProjectConfigurationPlatforms) = postSolution
		{0344107F-0A63-4B1E-A2D1-2E26A1178CA0}.Debug|Any CPU.ActiveCfg = Debug|Any CPU
		{0344107F-0A63-4B1E-A2D1-2E26A1178CA0}.Debug|Any CPU.Build.0 = Debug|Any CPU
		{0344107F-0A63-4B1E-A2D1-2E26A1178CA0}.Release|Any CPU.ActiveCfg = Release|Any CPU
		{0344107F-0A63-4B1E-A2D1-2E26A1178CA0}.Release|Any CPU.Build.0 = Release|Any CPU
		{8D874D94-06A8-4927-B6F6-318DB5696293}.Debug|Any CPU.ActiveCfg = Debug|Any CPU
		{8D874D94-06A8-4927-B6F6-318DB5696293}.Debug|Any CPU.Build.0 = Debug|Any CPU
		{8D874D94-06A8-4927-B6F6-318DB5696293}.Release|Any CPU.ActiveCfg = Release|Any CPU
		{8D874D94-06A8-4927-B6F6-318DB5696293}.Release|Any CPU.Build.0 = Release|Any CPU
		{F41E2017-A1DA-4ADE-9544-C0B22A394696}.Debug|Any CPU.ActiveCfg = Debug|Any CPU
		{F41E2017-A1DA-4ADE-9544-C0B22A394696}.Debug|Any CPU.Build.0 = Debug|Any CPU
		{F41E2017-A1DA-4ADE-9544-C0B22A394696}.Release|Any CPU.ActiveCfg = Release|Any CPU
		{F41E2017-A1DA-4ADE-9544-C0B22A394696}.Release|Any CPU.Build.0 = Release|Any CPU
		{192ADC00-2168-4589-9488-033AC221B787}.Debug|Any CPU.ActiveCfg = Debug|Any CPU
		{192ADC00-2168-4589-9488-033AC221B787}.Debug|Any CPU.Build.0 = Debug|Any CPU
		{192ADC00-2168-4589-9488-033AC221B787}.Release|Any CPU.ActiveCfg = Release|Any CPU
		{192ADC00-2168-4589-9488-033AC221B787}.Release|Any CPU.Build.0 = Release|Any CPU
		{F4979F06-B22A-4325-A721-85044D9FAF37}.Debug|Any CPU.ActiveCfg = Debug|Any CPU
		{F4979F06-B22A-4325-A721-85044D9FAF37}.Debug|Any CPU.Build.0 = Debug|Any CPU
		{F4979F06-B22A-4325-A721-85044D9FAF37}.Release|Any CPU.ActiveCfg = Release|Any CPU
		{F4979F06-B22A-4325-A721-85044D9FAF37}.Release|Any CPU.Build.0 = Release|Any CPU
		{A663538F-92AC-4906-AAD7-8EA0F38B76B4}.Debug|Any CPU.ActiveCfg = Debug|Any CPU
		{A663538F-92AC-4906-AAD7-8EA0F38B76B4}.Debug|Any CPU.Build.0 = Debug|Any CPU
		{A663538F-92AC-4906-AAD7-8EA0F38B76B4}.Release|Any CPU.ActiveCfg = Release|Any CPU
		{A663538F-92AC-4906-AAD7-8EA0F38B76B4}.Release|Any CPU.Build.0 = Release|Any CPU
		{7800D17F-2F91-43E7-B396-166F0676BBE4}.Debug|Any CPU.ActiveCfg = Debug|Any CPU
		{7800D17F-2F91-43E7-B396-166F0676BBE4}.Debug|Any CPU.Build.0 = Debug|Any CPU
		{7800D17F-2F91-43E7-B396-166F0676BBE4}.Release|Any CPU.ActiveCfg = Release|Any CPU
		{7800D17F-2F91-43E7-B396-166F0676BBE4}.Release|Any CPU.Build.0 = Release|Any CPU
	EndGlobalSection
	GlobalSection(SolutionProperties) = preSolution
		HideSolutionNode = FALSE
	EndGlobalSection
	GlobalSection(ExtensibilityGlobals) = postSolution
		SolutionGuid = {85E861C1-CB85-49B5-8F9B-D1B060C2CED0}
	EndGlobalSection
EndGlobal
